{
  "name": "DynamicDasboardWebAPI",
  "lockfileVersion": 3,
  "requires": true,
  "packages": {
    "": {
      "dependencies": {
        "gojs": "^3.0.19"
      }
    },
    "node_modules/gojs": {
      "version": "3.0.19",
      "resolved": "https://registry.npmjs.org/gojs/-/gojs-3.0.19.tgz",
      "integrity": "sha512-q8PAcGYOe5eZgh3nBWAoRjrq1OkLUykNPOvP7foSzfOGinzVmdSdJcKjrrlg62rN+xiL60q2dk6y0LviHn9Gew==",
      "license": "SEE LICENSE IN license.html"
    }
  }
}
